
Microsoft Visual Studio Solution File, Format Version 12.00
# Visual Studio Version 16
VisualStudioVersion = 16.0.30330.147
MinimumVisualStudioVersion = 10.0.40219.1
Project("{FAE04EC0-301F-11D3-BF4B-00C04F79EFBC}") = "Crowswood.SimpleConfig", "Crowswood.SimpleConfig\Crowswood.SimpleConfig.csproj", "{429127CD-B6BB-47FD-8EB6-EFB38ADCEE87}"
EndProject
Project("{FAE04EC0-301F-11D3-BF4B-00C04F79EFBC}") = "Crowswood.SimpleConfig.Test", "Crowswood.SimpleConfig.Test\Crowswood.SimpleConfig.Test.csproj", "{141EB8F1-8A64-4C9C-813B-8D3BEBE0208C}"
EndProject
Project("{FAE04EC0-301F-11D3-BF4B-00C04F79EFBC}") = "Crowswood.Test.SimpleConfig", "Crowswood.Test.SimpleConfig\Crowswood.Test.SimpleConfig.csproj", "{EBBB80CD-14D4-421A-A98F-76320F356B31}"
EndProject
Global
	GlobalSection(SolutionConfigurationPlatforms) = preSolution
		Debug|Any CPU = Debug|Any CPU
		Release|Any CPU = Release|Any CPU
	EndGlobalSection
	GlobalSection(ProjectConfigurationPlatforms) = postSolution
		{429127CD-B6BB-47FD-8EB6-EFB38ADCEE87}.Debug|Any CPU.ActiveCfg = Debug|Any CPU
		{429127CD-B6BB-47FD-8EB6-EFB38ADCEE87}.Debug|Any CPU.Build.0 = Debug|Any CPU
		{429127CD-B6BB-47FD-8EB6-EFB38ADCEE87}.Release|Any CPU.ActiveCfg = Release|Any CPU
		{429127CD-B6BB-47FD-8EB6-EFB38ADCEE87}.Release|Any CPU.Build.0 = Release|Any CPU
		{141EB8F1-8A64-4C9C-813B-8D3BEBE0208C}.Debug|Any CPU.ActiveCfg = Debug|Any CPU
		{141EB8F1-8A64-4C9C-813B-8D3BEBE0208C}.Debug|Any CPU.Build.0 = Debug|Any CPU
		{141EB8F1-8A64-4C9C-813B-8D3BEBE0208C}.Release|Any CPU.ActiveCfg = Release|Any CPU
		{141EB8F1-8A64-4C9C-813B-8D3BEBE0208C}.Release|Any CPU.Build.0 = Release|Any CPU
		{EBBB80CD-14D4-421A-A98F-76320F356B31}.Debug|Any CPU.ActiveCfg = Debug|Any CPU
		{EBBB80CD-14D4-421A-A98F-76320F356B31}.Debug|Any CPU.Build.0 = Debug|Any CPU
		{EBBB80CD-14D4-421A-A98F-76320F356B31}.Release|Any CPU.ActiveCfg = Release|Any CPU
		{EBBB80CD-14D4-421A-A98F-76320F356B31}.Release|Any CPU.Build.0 = Release|Any CPU
	EndGlobalSection
	GlobalSection(SolutionProperties) = preSolution
		HideSolutionNode = FALSE
	EndGlobalSection
	GlobalSection(ExtensibilityGlobals) = postSolution
		SolutionGuid = {60302FA5-24D3-4321-AE9E-6AFD80F0F34D}
	EndGlobalSection
EndGlobal
